
Microsoft Visual Studio Solution File, Format Version 12.00
# Visual Studio Version 17
VisualStudioVersion = 17.13.35931.197 d17.13
MinimumVisualStudioVersion = 10.0.40219.1
Project("{FAE04EC0-301F-11D3-BF4B-00C04F79EFBC}") = "SchedulingSoftwareApp", "SchedulingSoftwareApp\SchedulingSoftwareApp.csproj", "{F157F016-20C7-4AB8-B4E6-511EB66DBCCB}"
EndProject
Global
	GlobalSection(SolutionConfigurationPlatforms) = preSolution
		Debug|Any CPU = Debug|Any CPU
		Release|Any CPU = Release|Any CPU
	EndGlobalSection
	GlobalSection(ProjectConfigurationPlatforms) = postSolution
		{F157F016-20C7-4AB8-B4E6-511EB66DBCCB}.Debug|Any CPU.ActiveCfg = Debug|Any CPU
		{F157F016-20C7-4AB8-B4E6-511EB66DBCCB}.Debug|Any CPU.Build.0 = Debug|Any CPU
		{F157F016-20C7-4AB8-B4E6-511EB66DBCCB}.Release|Any CPU.ActiveCfg = Release|Any CPU
		{F157F016-20C7-4AB8-B4E6-511EB66DBCCB}.Release|Any CPU.Build.0 = Release|Any CPU
	EndGlobalSection
	GlobalSection(SolutionProperties) = preSolution
		HideSolutionNode = FALSE
	EndGlobalSection
	GlobalSection(ExtensibilityGlobals) = postSolution
		SolutionGuid = {253A0FE6-8D2D-4F30-BDCC-DE1C2D71AD60}
	EndGlobalSection
EndGlobal
